// !$*UTF8*$!
{
	archiveVersion = 1;
	classes = {
	};
	objectVersion = 50;
	objects = {

/* Begin PBXBuildFile section */
		15199C02232D66E90001BEAB /* AppDelegate.swift in Sources */ = {isa = PBXBuildFile; fileRef = 15199C01232D66E90001BEAB /* AppDelegate.swift */; };
		15199C04232D66E90001BEAB /* ViewController.swift in Sources */ = {isa = PBXBuildFile; fileRef = 15199C03232D66E90001BEAB /* ViewController.swift */; };
		15199C07232D66E90001BEAB /* Main.storyboard in Resources */ = {isa = PBXBuildFile; fileRef = 15199C05232D66E90001BEAB /* Main.storyboard */; };
		15199C09232D66EA0001BEAB /* Assets.xcassets in Resources */ = {isa = PBXBuildFile; fileRef = 15199C08232D66EA0001BEAB /* Assets.xcassets */; };
		15199C0C232D66EA0001BEAB /* LaunchScreen.storyboard in Resources */ = {isa = PBXBuildFile; fileRef = 15199C0A232D66EA0001BEAB /* LaunchScreen.storyboard */; };
		15199C17232D66EA0001BEAB /* HackGTeeny_Tap_GameTests.swift in Sources */ = {isa = PBXBuildFile; fileRef = 15199C16232D66EA0001BEAB /* HackGTeeny_Tap_GameTests.swift */; };
		15199C22232D66EA0001BEAB /* HackGTeeny_Tap_GameUITests.swift in Sources */ = {isa = PBXBuildFile; fileRef = 15199C21232D66EA0001BEAB /* HackGTeeny_Tap_GameUITests.swift */; };
/* End PBXBuildFile section */

/* Begin PBXContainerItemProxy section */
		15199C13232D66EA0001BEAB /* PBXContainerItemProxy */ = {
			isa = PBXContainerItemProxy;
			containerPortal = 15199BF6232D66E90001BEAB /* Project object */;
			proxyType = 1;
			remoteGlobalIDString = 15199BFD232D66E90001BEAB;
			remoteInfo = "HackGTeeny Tap Game";
		};
		15199C1E232D66EA0001BEAB /* PBXContainerItemProxy */ = {
			isa = PBXContainerItemProxy;
			containerPortal = 15199BF6232D66E90001BEAB /* Project object */;
			proxyType = 1;
			remoteGlobalIDString = 15199BFD232D66E90001BEAB;
			remoteInfo = "HackGTeeny Tap Game";
		};
/* End PBXContainerItemProxy section */

/* Begin PBXFileReference section */
		15199BFE232D66E90001BEAB /* HackGTeeny Tap Game.app */ = {isa = PBXFileReference; explicitFileType = wrapper.application; includeInIndex = 0; path = "HackGTeeny Tap Game.app"; sourceTree = BUILT_PRODUCTS_DIR; };
		15199C01232D66E90001BEAB /* AppDelegate.swift */ = {isa = PBXFileReference; lastKnownFileType = sourcecode.swift; path = AppDelegate.swift; sourceTree = "<group>"; };
		15199C03232D66E90001BEAB /* ViewController.swift */ = {isa = PBXFileReference; lastKnownFileType = sourcecode.swift; path = ViewController.swift; sourceTree = "<group>"; };
		15199C06232D66E90001BEAB /* Base */ = {isa = PBXFileReference; lastKnownFileType = file.storyboard; name = Base; path = Base.lproj/Main.storyboard; sourceTree = "<group>"; };
		15199C08232D66EA0001BEAB /* Assets.xcassets */ = {isa = PBXFileReference; lastKnownFileType = folder.assetcatalog; path = Assets.xcassets; sourceTree = "<group>"; };
		15199C0B232D66EA0001BEAB /* Base */ = {isa = PBXFileReference; lastKnownFileType = file.storyboard; name = Base; path = Base.lproj/LaunchScreen.storyboard; sourceTree = "<group>"; };
		15199C0D232D66EA0001BEAB /* Info.plist */ = {isa = PBXFileReference; lastKnownFileType = text.plist.xml; path = Info.plist; sourceTree = "<group>"; };
		15199C12232D66EA0001BEAB /* HackGTeeny Tap GameTests.xctest */ = {isa = PBXFileReference; explicitFileType = wrapper.cfbundle; includeInIndex = 0; path = "HackGTeeny Tap GameTests.xctest"; sourceTree = BUILT_PRODUCTS_DIR; };
		15199C16232D66EA0001BEAB /* HackGTeeny_Tap_GameTests.swift */ = {isa = PBXFileReference; lastKnownFileType = sourcecode.swift; path = HackGTeeny_Tap_GameTests.swift; sourceTree = "<group>"; };
		15199C18232D66EA0001BEAB /* Info.plist */ = {isa = PBXFileReference; lastKnownFileType = text.plist.xml; path = Info.plist; sourceTree = "<group>"; };
		15199C1D232D66EA0001BEAB /* HackGTeeny Tap GameUITests.xctest */ = {isa = PBXFileReference; explicitFileType = wrapper.cfbundle; includeInIndex = 0; path = "HackGTeeny Tap GameUITests.xctest"; sourceTree = BUILT_PRODUCTS_DIR; };
		15199C21232D66EA0001BEAB /* HackGTeeny_Tap_GameUITests.swift */ = {isa = PBXFileReference; lastKnownFileType = sourcecode.swift; path = HackGTeeny_Tap_GameUITests.swift; sourceTree = "<group>"; };
		15199C23232D66EA0001BEAB /* Info.plist */ = {isa = PBXFileReference; lastKnownFileType = text.plist.xml; path = Info.plist; sourceTree = "<group>"; };
/* End PBXFileReference section */

/* Begin PBXFrameworksBuildPhase section */
		15199BFB232D66E90001BEAB /* Frameworks */ = {
			isa = PBXFrameworksBuildPhase;
			buildActionMask = 2147483647;
			files = (
			);
			runOnlyForDeploymentPostprocessing = 0;
		};
		15199C0F232D66EA0001BEAB /* Frameworks */ = {
			isa = PBXFrameworksBuildPhase;
			buildActionMask = 2147483647;
			files = (
			);
			runOnlyForDeploymentPostprocessing = 0;
		};
		15199C1A232D66EA0001BEAB /* Frameworks */ = {
			isa = PBXFrameworksBuildPhase;
			buildActionMask = 2147483647;
			files = (
			);
			runOnlyForDeploymentPostprocessing = 0;
		};
/* End PBXFrameworksBuildPhase section */

/* Begin PBXGroup section */
		15199BF5232D66E90001BEAB = {
			isa = PBXGroup;
			children = (
				15199C00232D66E90001BEAB /* HackGTeeny Tap Game */,
				15199C15232D66EA0001BEAB /* HackGTeeny Tap GameTests */,
				15199C20232D66EA0001BEAB /* HackGTeeny Tap GameUITests */,
				15199BFF232D66E90001BEAB /* Products */,
			);
			sourceTree = "<group>";
		};
		15199BFF232D66E90001BEAB /* Products */ = {
			isa = PBXGroup;
			children = (
				15199BFE232D66E90001BEAB /* HackGTeeny Tap Game.app */,
				15199C12232D66EA0001BEAB /* HackGTeeny Tap GameTests.xctest */,
				15199C1D232D66EA0001BEAB /* HackGTeeny Tap GameUITests.xctest */,
			);
			name = Products;
			sourceTree = "<group>";
		};
		15199C00232D66E90001BEAB /* HackGTeeny Tap Game */ = {
			isa = PBXGroup;
			children = (
				15199C01232D66E90001BEAB /* AppDelegate.swift */,
				15199C03232D66E90001BEAB /* ViewController.swift */,
				15199C05232D66E90001BEAB /* Main.storyboard */,
				15199C08232D66EA0001BEAB /* Assets.xcassets */,
				15199C0A232D66EA0001BEAB /* LaunchScreen.storyboard */,
				15199C0D232D66EA0001BEAB /* Info.plist */,
			);
			path = "HackGTeeny Tap Game";
			sourceTree = "<group>";
		};
		15199C15232D66EA0001BEAB /* HackGTeeny Tap GameTests */ = {
			isa = PBXGroup;
			children = (
				15199C16232D66EA0001BEAB /* HackGTeeny_Tap_GameTests.swift */,
				15199C18232D66EA0001BEAB /* Info.plist */,
			);
			path = "HackGTeeny Tap GameTests";
			sourceTree = "<group>";
		};
		15199C20232D66EA0001BEAB /* HackGTeeny Tap GameUITests */ = {
			isa = PBXGroup;
			children = (
				15199C21232D66EA0001BEAB /* HackGTeeny_Tap_GameUITests.swift */,
				15199C23232D66EA0001BEAB /* Info.plist */,
			);
			path = "HackGTeeny Tap GameUITests";
			sourceTree = "<group>";
		};
/* End PBXGroup section */

/* Begin PBXNativeTarget section */
		15199BFD232D66E90001BEAB /* HackGTeeny Tap Game */ = {
			isa = PBXNativeTarget;
			buildConfigurationList = 15199C26232D66EA0001BEAB /* Build configuration list for PBXNativeTarget "HackGTeeny Tap Game" */;
			buildPhases = (
				15199BFA232D66E90001BEAB /* Sources */,
				15199BFB232D66E90001BEAB /* Frameworks */,
				15199BFC232D66E90001BEAB /* Resources */,
			);
			buildRules = (
			);
			dependencies = (
			);
			name = "HackGTeeny Tap Game";
			productName = "HackGTeeny Tap Game";
			productReference = 15199BFE232D66E90001BEAB /* HackGTeeny Tap Game.app */;
			productType = "com.apple.product-type.application";
		};
		15199C11232D66EA0001BEAB /* HackGTeeny Tap GameTests */ = {
			isa = PBXNativeTarget;
			buildConfigurationList = 15199C29232D66EA0001BEAB /* Build configuration list for PBXNativeTarget "HackGTeeny Tap GameTests" */;
			buildPhases = (
				15199C0E232D66EA0001BEAB /* Sources */,
				15199C0F232D66EA0001BEAB /* Frameworks */,
				15199C10232D66EA0001BEAB /* Resources */,
			);
			buildRules = (
			);
			dependencies = (
				15199C14232D66EA0001BEAB /* PBXTargetDependency */,
			);
			name = "HackGTeeny Tap GameTests";
			productName = "HackGTeeny Tap GameTests";
			productReference = 15199C12232D66EA0001BEAB /* HackGTeeny Tap GameTests.xctest */;
			productType = "com.apple.product-type.bundle.unit-test";
		};
		15199C1C232D66EA0001BEAB /* HackGTeeny Tap GameUITests */ = {
			isa = PBXNativeTarget;
			buildConfigurationList = 15199C2C232D66EA0001BEAB /* Build configuration list for PBXNativeTarget "HackGTeeny Tap GameUITests" */;
			buildPhases = (
				15199C19232D66EA0001BEAB /* Sources */,
				15199C1A232D66EA0001BEAB /* Frameworks */,
				15199C1B232D66EA0001BEAB /* Resources */,
			);
			buildRules = (
			);
			dependencies = (
				15199C1F232D66EA0001BEAB /* PBXTargetDependency */,
			);
			name = "HackGTeeny Tap GameUITests";
			productName = "HackGTeeny Tap GameUITests";
			productReference = 15199C1D232D66EA0001BEAB /* HackGTeeny Tap GameUITests.xctest */;
			productType = "com.apple.product-type.bundle.ui-testing";
		};
/* End PBXNativeTarget section */

/* Begin PBXProject section */
		15199BF6232D66E90001BEAB /* Project object */ = {
			isa = PBXProject;
			attributes = {
				LastSwiftUpdateCheck = 1030;
				LastUpgradeCheck = 1030;
				ORGANIZATIONNAME = "Ken Akers";
				TargetAttributes = {
					15199BFD232D66E90001BEAB = {
						CreatedOnToolsVersion = 10.3;
					};
					15199C11232D66EA0001BEAB = {
						CreatedOnToolsVersion = 10.3;
						TestTargetID = 15199BFD232D66E90001BEAB;
					};
					15199C1C232D66EA0001BEAB = {
						CreatedOnToolsVersion = 10.3;
						TestTargetID = 15199BFD232D66E90001BEAB;
					};
				};
			};
			buildConfigurationList = 15199BF9232D66E90001BEAB /* Build configuration list for PBXProject "HackGTeeny Tap Game" */;
			compatibilityVersion = "Xcode 9.3";
			developmentRegion = en;
			hasScannedForEncodings = 0;
			knownRegions = (
				en,
				Base,
			);
			mainGroup = 15199BF5232D66E90001BEAB;
			productRefGroup = 15199BFF232D66E90001BEAB /* Products */;
			projectDirPath = "";
			projectRoot = "";
			targets = (
				15199BFD232D66E90001BEAB /* HackGTeeny Tap Game */,
				15199C11232D66EA0001BEAB /* HackGTeeny Tap GameTests */,
				15199C1C232D66EA0001BEAB /* HackGTeeny Tap GameUITests */,
			);
		};
/* End PBXProject section */

/* Begin PBXResourcesBuildPhase section */
		15199BFC232D66E90001BEAB /* Resources */ = {
			isa = PBXResourcesBuildPhase;
			buildActionMask = 2147483647;
			files = (
				15199C0C232D66EA0001BEAB /* LaunchScreen.storyboard in Resources */,
				15199C09232D66EA0001BEAB /* Assets.xcassets in Resources */,
				15199C07232D66E90001BEAB /* Main.storyboard in Resources */,
			);
			runOnlyForDeploymentPostprocessing = 0;
		};
		15199C10232D66EA0001BEAB /* Resources */ = {
			isa = PBXResourcesBuildPhase;
			buildActionMask = 2147483647;
			files = (
			);
			runOnlyForDeploymentPostprocessing = 0;
		};
		15199C1B232D66EA0001BEAB /* Resources */ = {
			isa = PBXResourcesBuildPhase;
			buildActionMask = 2147483647;
			files = (
			);
			runOnlyForDeploymentPostprocessing = 0;
		};
/* End PBXResourcesBuildPhase section */

/* Begin PBXSourcesBuildPhase section */
		15199BFA232D66E90001BEAB /* Sources */ = {
			isa = PBXSourcesBuildPhase;
			buildActionMask = 2147483647;
			files = (
				15199C04232D66E90001BEAB /* ViewController.swift in Sources */,
				15199C02232D66E90001BEAB /* AppDelegate.swift in Sources */,
			);
			runOnlyForDeploymentPostprocessing = 0;
		};
		15199C0E232D66EA0001BEAB /* Sources */ = {
			isa = PBXSourcesBuildPhase;
			buildActionMask = 2147483647;
			files = (
				15199C17232D66EA0001BEAB /* HackGTeeny_Tap_GameTests.swift in Sources */,
			);
			runOnlyForDeploymentPostprocessing = 0;
		};
		15199C19232D66EA0001BEAB /* Sources */ = {
			isa = PBXSourcesBuildPhase;
			buildActionMask = 2147483647;
			files = (
				15199C22232D66EA0001BEAB /* HackGTeeny_Tap_GameUITests.swift in Sources */,
			);
			runOnlyForDeploymentPostprocessing = 0;
		};
/* End PBXSourcesBuildPhase section */

/* Begin PBXTargetDependency section */
		15199C14232D66EA0001BEAB /* PBXTargetDependency */ = {
			isa = PBXTargetDependency;
			target = 15199BFD232D66E90001BEAB /* HackGTeeny Tap Game */;
			targetProxy = 15199C13232D66EA0001BEAB /* PBXContainerItemProxy */;
		};
		15199C1F232D66EA0001BEAB /* PBXTargetDependency */ = {
			isa = PBXTargetDependency;
			target = 15199BFD232D66E90001BEAB /* HackGTeeny Tap Game */;
			targetProxy = 15199C1E232D66EA0001BEAB /* PBXContainerItemProxy */;
		};
/* End PBXTargetDependency section */

/* Begin PBXVariantGroup section */
		15199C05232D66E90001BEAB /* Main.storyboard */ = {
			isa = PBXVariantGroup;
			children = (
				15199C06232D66E90001BEAB /* Base */,
			);
			name = Main.storyboard;
			sourceTree = "<group>";
		};
		15199C0A232D66EA0001BEAB /* LaunchScreen.storyboard */ = {
			isa = PBXVariantGroup;
			children = (
				15199C0B232D66EA0001BEAB /* Base */,
			);
			name = LaunchScreen.storyboard;
			sourceTree = "<group>";
		};
/* End PBXVariantGroup section */

/* Begin XCBuildConfiguration section */
		15199C24232D66EA0001BEAB /* Debug */ = {
			isa = XCBuildConfiguration;
			buildSettings = {
				ALWAYS_SEARCH_USER_PATHS = NO;
				CLANG_ANALYZER_NONNULL = YES;
				CLANG_ANALYZER_NUMBER_OBJECT_CONVERSION = YES_AGGRESSIVE;
				CLANG_CXX_LANGUAGE_STANDARD = "gnu++14";
				CLANG_CXX_LIBRARY = "libc++";
				CLANG_ENABLE_MODULES = YES;
				CLANG_ENABLE_OBJC_ARC = YES;
				CLANG_ENABLE_OBJC_WEAK = YES;
				CLANG_WARN_BLOCK_CAPTURE_AUTORELEASING = YES;
				CLANG_WARN_BOOL_CONVERSION = YES;
				CLANG_WARN_COMMA = YES;
				CLANG_WARN_CONSTANT_CONVERSION = YES;
				CLANG_WARN_DEPRECATED_OBJC_IMPLEMENTATIONS = YES;
				CLANG_WARN_DIRECT_OBJC_ISA_USAGE = YES_ERROR;
				CLANG_WARN_DOCUMENTATION_COMMENTS = YES;
				CLANG_WARN_EMPTY_BODY = YES;
				CLANG_WARN_ENUM_CONVERSION = YES;
				CLANG_WARN_INFINITE_RECURSION = YES;
				CLANG_WARN_INT_CONVERSION = YES;
				CLANG_WARN_NON_LITERAL_NULL_CONVERSION = YES;
				CLANG_WARN_OBJC_IMPLICIT_RETAIN_SELF = YES;
				CLANG_WARN_OBJC_LITERAL_CONVERSION = YES;
				CLANG_WARN_OBJC_ROOT_CLASS = YES_ERROR;
				CLANG_WARN_RANGE_LOOP_ANALYSIS = YES;
				CLANG_WARN_STRICT_PROTOTYPES = YES;
				CLANG_WARN_SUSPICIOUS_MOVE = YES;
				CLANG_WARN_UNGUARDED_AVAILABILITY = YES_AGGRESSIVE;
				CLANG_WARN_UNREACHABLE_CODE = YES;
				CLANG_WARN__DUPLICATE_METHOD_MATCH = YES;
				CODE_SIGN_IDENTITY = "iPhone Developer";
				COPY_PHASE_STRIP = NO;
				DEBUG_INFORMATION_FORMAT = dwarf;
				ENABLE_STRICT_OBJC_MSGSEND = YES;
				ENABLE_TESTABILITY = YES;
				GCC_C_LANGUAGE_STANDARD = gnu11;
				GCC_DYNAMIC_NO_PIC = NO;
				GCC_NO_COMMON_BLOCKS = YES;
				GCC_OPTIMIZATION_LEVEL = 0;
				GCC_PREPROCESSOR_DEFINITIONS = (
					"DEBUG=1",
					"$(inherited)",
				);
				GCC_WARN_64_TO_32_BIT_CONVERSION = YES;
				GCC_WARN_ABOUT_RETURN_TYPE = YES_ERROR;
				GCC_WARN_UNDECLARED_SELECTOR = YES;
				GCC_WARN_UNINITIALIZED_AUTOS = YES_AGGRESSIVE;
				GCC_WARN_UNUSED_FUNCTION = YES;
				GCC_WARN_UNUSED_VARIABLE = YES;
				IPHONEOS_DEPLOYMENT_TARGET = 12.4;
				MTL_ENABLE_DEBUG_INFO = INCLUDE_SOURCE;
				MTL_FAST_MATH = YES;
				ONLY_ACTIVE_ARCH = YES;
				SDKROOT = iphoneos;
				SWIFT_ACTIVE_COMPILATION_CONDITIONS = DEBUG;
				SWIFT_OPTIMIZATION_LEVEL = "-Onone";
			};
			name = Debug;
		};
		15199C25232D66EA0001BEAB /* Release */ = {
			isa = XCBuildConfiguration;
			buildSettings = {
				ALWAYS_SEARCH_USER_PATHS = NO;
				CLANG_ANALYZER_NONNULL = YES;
				CLANG_ANALYZER_NUMBER_OBJECT_CONVERSION = YES_AGGRESSIVE;
				CLANG_CXX_LANGUAGE_STANDARD = "gnu++14";
				CLANG_CXX_LIBRARY = "libc++";
				CLANG_ENABLE_MODULES = YES;
				CLANG_ENABLE_OBJC_ARC = YES;
				CLANG_ENABLE_OBJC_WEAK = YES;
				CLANG_WARN_BLOCK_CAPTURE_AUTORELEASING = YES;
				CLANG_WARN_BOOL_CONVERSION = YES;
				CLANG_WARN_COMMA = YES;
				CLANG_WARN_CONSTANT_CONVERSION = YES;
				CLANG_WARN_DEPRECATED_OBJC_IMPLEMENTATIONS = YES;
				CLANG_WARN_DIRECT_OBJC_ISA_USAGE = YES_ERROR;
				CLANG_WARN_DOCUMENTATION_COMMENTS = YES;
				CLANG_WARN_EMPTY_BODY = YES;
				CLANG_WARN_ENUM_CONVERSION = YES;
				CLANG_WARN_INFINITE_RECURSION = YES;
				CLANG_WARN_INT_CONVERSION = YES;
				CLANG_WARN_NON_LITERAL_NULL_CONVERSION = YES;
				CLANG_WARN_OBJC_IMPLICIT_RETAIN_SELF = YES;
				CLANG_WARN_OBJC_LITERAL_CONVERSION = YES;
				CLANG_WARN_OBJC_ROOT_CLASS = YES_ERROR;
				CLANG_WARN_RANGE_LOOP_ANALYSIS = YES;
				CLANG_WARN_STRICT_PROTOTYPES = YES;
				CLANG_WARN_SUSPICIOUS_MOVE = YES;
				CLANG_WARN_UNGUARDED_AVAILABILITY = YES_AGGRESSIVE;
				CLANG_WARN_UNREACHABLE_CODE = YES;
				CLANG_WARN__DUPLICATE_METHOD_MATCH = YES;
				CODE_SIGN_IDENTITY = "iPhone Developer";
				COPY_PHASE_STRIP = NO;
				DEBUG_INFORMATION_FORMAT = "dwarf-with-dsym";
				ENABLE_NS_ASSERTIONS = NO;
				ENABLE_STRICT_OBJC_MSGSEND = YES;
				GCC_C_LANGUAGE_STANDARD = gnu11;
				GCC_NO_COMMON_BLOCKS = YES;
				GCC_WARN_64_TO_32_BIT_CONVERSION = YES;
				GCC_WARN_ABOUT_RETURN_TYPE = YES_ERROR;
				GCC_WARN_UNDECLARED_SELECTOR = YES;
				GCC_WARN_UNINITIALIZED_AUTOS = YES_AGGRESSIVE;
				GCC_WARN_UNUSED_FUNCTION = YES;
				GCC_WARN_UNUSED_VARIABLE = YES;
				IPHONEOS_DEPLOYMENT_TARGET = 12.4;
				MTL_ENABLE_DEBUG_INFO = NO;
				MTL_FAST_MATH = YES;
				SDKROOT = iphoneos;
				SWIFT_COMPILATION_MODE = wholemodule;
				SWIFT_OPTIMIZATION_LEVEL = "-O";
				VALIDATE_PRODUCT = YES;
			};
			name = Release;
		};
		15199C27232D66EA0001BEAB /* Debug */ = {
			isa = XCBuildConfiguration;
			buildSettings = {
				ASSETCATALOG_COMPILER_APPICON_NAME = AppIcon;
				CODE_SIGN_STYLE = Automatic;
				INFOPLIST_FILE = "HackGTeeny Tap Game/Info.plist";
				LD_RUNPATH_SEARCH_PATHS = (
					"$(inherited)",
					"@executable_path/Frameworks",
				);
				PRODUCT_BUNDLE_IDENTIFIER = "com.KenAkers.HackGTeeny-Tap-Game";
				PRODUCT_NAME = "$(TARGET_NAME)";
				SWIFT_VERSION = 5.0;
				TARGETED_DEVICE_FAMILY = "1,2";
			};
			name = Debug;
		};
		15199C28232D66EA0001BEAB /* Release */ = {
			isa = XCBuildConfiguration;
			buildSettings = {
				ASSETCATALOG_COMPILER_APPICON_NAME = AppIcon;
				CODE_SIGN_STYLE = Automatic;
				INFOPLIST_FILE = "HackGTeeny Tap Game/Info.plist";
				LD_RUNPATH_SEARCH_PATHS = (
					"$(inherited)",
					"@executable_path/Frameworks",
				);
				PRODUCT_BUNDLE_IDENTIFIER = "com.KenAkers.HackGTeeny-Tap-Game";
				PRODUCT_NAME = "$(TARGET_NAME)";
				SWIFT_VERSION = 5.0;
				TARGETED_DEVICE_FAMILY = "1,2";
			};
			name = Release;
		};
		15199C2A232D66EA0001BEAB /* Debug */ = {
			isa = XCBuildConfiguration;
			buildSettings = {
				ALWAYS_EMBED_SWIFT_STANDARD_LIBRARIES = YES;
				BUNDLE_LOADER = "$(TEST_HOST)";
				CODE_SIGN_STYLE = Automatic;
				INFOPLIST_FILE = "HackGTeeny Tap GameTests/Info.plist";
				LD_RUNPATH_SEARCH_PATHS = (
					"$(inherited)",
					"@executable_path/Frameworks",
					"@loader_path/Frameworks",
				);
				PRODUCT_BUNDLE_IDENTIFIER = "com.KenAkers.HackGTeeny-Tap-GameTests";
				PRODUCT_NAME = "$(TARGET_NAME)";
				SWIFT_VERSION = 5.0;
				TARGETED_DEVICE_FAMILY = "1,2";
				TEST_HOST = "$(BUILT_PRODUCTS_DIR)/HackGTeeny Tap Game.app/HackGTeeny Tap Game";
			};
			name = Debug;
		};
		15199C2B232D66EA0001BEAB /* Release */ = {
			isa = XCBuildConfiguration;
			buildSettings = {
				ALWAYS_EMBED_SWIFT_STANDARD_LIBRARIES = YES;
				BUNDLE_LOADER = "$(TEST_HOST)";
				CODE_SIGN_STYLE = Automatic;
				INFOPLIST_FILE = "HackGTeeny Tap GameTests/Info.plist";
				LD_RUNPATH_SEARCH_PATHS = (
					"$(inherited)",
					"@executable_path/Frameworks",
					"@loader_path/Frameworks",
				);
				PRODUCT_BUNDLE_IDENTIFIER = "com.KenAkers.HackGTeeny-Tap-GameTests";
				PRODUCT_NAME = "$(TARGET_NAME)";
				SWIFT_VERSION = 5.0;
				TARGETED_DEVICE_FAMILY = "1,2";
				TEST_HOST = "$(BUILT_PRODUCTS_DIR)/HackGTeeny Tap Game.app/HackGTeeny Tap Game";
			};
			name = Release;
		};
		15199C2D232D66EA0001BEAB /* Debug */ = {
			isa = XCBuildConfiguration;
			buildSettings = {
				ALWAYS_EMBED_SWIFT_STANDARD_LIBRARIES = YES;
				CODE_SIGN_STYLE = Automatic;
				INFOPLIST_FILE = "HackGTeeny Tap GameUITests/Info.plist";
				LD_RUNPATH_SEARCH_PATHS = (
					"$(inherited)",
					"@executable_path/Frameworks",
					"@loader_path/Frameworks",
				);
				PRODUCT_BUNDLE_IDENTIFIER = "com.KenAkers.HackGTeeny-Tap-GameUITests";
				PRODUCT_NAME = "$(TARGET_NAME)";
				SWIFT_VERSION = 5.0;
				TARGETED_DEVICE_FAMILY = "1,2";
				TEST_TARGET_NAME = "HackGTeeny Tap Game";
			};
			name = Debug;
		};
		15199C2E232D66EA0001BEAB /* Release */ = {
			isa = XCBuildConfiguration;
			buildSettings = {
				ALWAYS_EMBED_SWIFT_STANDARD_LIBRARIES = YES;
				CODE_SIGN_STYLE = Automatic;
				INFOPLIST_FILE = "HackGTeeny Tap GameUITests/Info.plist";
				LD_RUNPATH_SEARCH_PATHS = (
					"$(inherited)",
					"@executable_path/Frameworks",
					"@loader_path/Frameworks",
				);
				PRODUCT_BUNDLE_IDENTIFIER = "com.KenAkers.HackGTeeny-Tap-GameUITests";
				PRODUCT_NAME = "$(TARGET_NAME)";
				SWIFT_VERSION = 5.0;
				TARGETED_DEVICE_FAMILY = "1,2";
				TEST_TARGET_NAME = "HackGTeeny Tap Game";
			};
			name = Release;
		};
/* End XCBuildConfiguration section */

/* Begin XCConfigurationList section */
		15199BF9232D66E90001BEAB /* Build configuration list for PBXProject "HackGTeeny Tap Game" */ = {
			isa = XCConfigurationList;
			buildConfigurations = (
				15199C24232D66EA0001BEAB /* Debug */,
				15199C25232D66EA0001BEAB /* Release */,
			);
			defaultConfigurationIsVisible = 0;
			defaultConfigurationName = Release;
		};
		15199C26232D66EA0001BEAB /* Build configuration list for PBXNativeTarget "HackGTeeny Tap Game" */ = {
			isa = XCConfigurationList;
			buildConfigurations = (
				15199C27232D66EA0001BEAB /* Debug */,
				15199C28232D66EA0001BEAB /* Release */,
			);
			defaultConfigurationIsVisible = 0;
			defaultConfigurationName = Release;
		};
		15199C29232D66EA0001BEAB /* Build configuration list for PBXNativeTarget "HackGTeeny Tap GameTests" */ = {
			isa = XCConfigurationList;
			buildConfigurations = (
				15199C2A232D66EA0001BEAB /* Debug */,
				15199C2B232D66EA0001BEAB /* Release */,
			);
			defaultConfigurationIsVisible = 0;
			defaultConfigurationName = Release;
		};
		15199C2C232D66EA0001BEAB /* Build configuration list for PBXNativeTarget "HackGTeeny Tap GameUITests" */ = {
			isa = XCConfigurationList;
			buildConfigurations = (
				15199C2D232D66EA0001BEAB /* Debug */,
				15199C2E232D66EA0001BEAB /* Release */,
			);
			defaultConfigurationIsVisible = 0;
			defaultConfigurationName = Release;
		};
/* End XCConfigurationList section */
	};
	rootObject = 15199BF6232D66E90001BEAB /* Project object */;
}
